
Microsoft Visual Studio Solution File, Format Version 12.00
# Visual Studio Version 16
VisualStudioVersion = 16.0.30225.117
MinimumVisualStudioVersion = 10.0.40219.1
Project("{9A19103F-16F7-4668-BE54-9A1E7A4F7556}") = "Multilingual_XLSX", "Multilingual_XLSX.csproj", "{DC2CCCA7-24F1-4058-B656-71E01EB4041B}"
EndProject
Project("{9A19103F-16F7-4668-BE54-9A1E7A4F7556}") = "Multilingual_XLSX_Tests", "..\Multilingual_XLSXTests1\Multilingual_XLSX_Tests.csproj", "{68A75994-FC2A-4694-BEF8-D5F056A5B8B0}"
EndProject
Global
	GlobalSection(SolutionConfigurationPlatforms) = preSolution
		Debug|Any CPU = Debug|Any CPU
		Release|Any CPU = Release|Any CPU
	EndGlobalSection
	GlobalSection(ProjectConfigurationPlatforms) = postSolution
		{DC2CCCA7-24F1-4058-B656-71E01EB4041B}.Debug|Any CPU.ActiveCfg = Debug|Any CPU
		{DC2CCCA7-24F1-4058-B656-71E01EB4041B}.Debug|Any CPU.Build.0 = Debug|Any CPU
		{DC2CCCA7-24F1-4058-B656-71E01EB4041B}.Release|Any CPU.ActiveCfg = Release|Any CPU
		{DC2CCCA7-24F1-4058-B656-71E01EB4041B}.Release|Any CPU.Build.0 = Release|Any CPU
		{68A75994-FC2A-4694-BEF8-D5F056A5B8B0}.Debug|Any CPU.ActiveCfg = Debug|Any CPU
		{68A75994-FC2A-4694-BEF8-D5F056A5B8B0}.Debug|Any CPU.Build.0 = Debug|Any CPU
		{68A75994-FC2A-4694-BEF8-D5F056A5B8B0}.Release|Any CPU.ActiveCfg = Release|Any CPU
		{68A75994-FC2A-4694-BEF8-D5F056A5B8B0}.Release|Any CPU.Build.0 = Release|Any CPU
	EndGlobalSection
	GlobalSection(SolutionProperties) = preSolution
		HideSolutionNode = FALSE
	EndGlobalSection
	GlobalSection(ExtensibilityGlobals) = postSolution
		SolutionGuid = {4415AB24-75D9-4230-9B4C-EA637DE6C73D}
	EndGlobalSection
EndGlobal
